Microsoft Visual Studio Solution File, Format Version 12.00
# Visual Studio 2012
Project("{FAE04EC0-301F-11D3-BF4B-00C04F79EFBC}") = "F Irst Project", "F Irst Project.csproj", "{3C8721D7-88D6-436F-B78B-EAD0E8D6CD83}"
EndProject
Global
	GlobalSection(SolutionConfigurationPlatforms) = preSolution
	Debug|Any CPU = Debug|Any CPU
	ExportDebug|Any CPU = ExportDebug|Any CPU
	ExportRelease|Any CPU = ExportRelease|Any CPU
	EndGlobalSection
	GlobalSection(ProjectConfigurationPlatforms) = postSolution
		{3C8721D7-88D6-436F-B78B-EAD0E8D6CD83}.Debug|Any CPU.ActiveCfg = Debug|Any CPU
		{3C8721D7-88D6-436F-B78B-EAD0E8D6CD83}.Debug|Any CPU.Build.0 = Debug|Any CPU
		{3C8721D7-88D6-436F-B78B-EAD0E8D6CD83}.ExportDebug|Any CPU.ActiveCfg = ExportDebug|Any CPU
		{3C8721D7-88D6-436F-B78B-EAD0E8D6CD83}.ExportDebug|Any CPU.Build.0 = ExportDebug|Any CPU
		{3C8721D7-88D6-436F-B78B-EAD0E8D6CD83}.ExportRelease|Any CPU.ActiveCfg = ExportRelease|Any CPU
		{3C8721D7-88D6-436F-B78B-EAD0E8D6CD83}.ExportRelease|Any CPU.Build.0 = ExportRelease|Any CPU
	EndGlobalSection
EndGlobal
